{
  "name": "@recaptime-dev/utils",
  "version": "2022.5.0",
  "lockfileVersion": 2,
  "requires": true,
  "packages": {
    "": {
      "name": "@recaptime-dev/utils",
      "version": "2022.5.0",
      "license": "MIT",
      "workspaces": {
        "packages": [
          "lib/**/**"
        ]
      }
    },
    "lib/@community-radar-recaptime/content-warnings": {
      "version": "0.1.0",
      "license": "MIT"
    },
    "node_modules/@community-radar-recaptime/content-warnings": {
      "resolved": "lib/@community-radar-recaptime/content-warnings",
      "link": true
    }
  },
  "dependencies": {
    "@community-radar-recaptime/content-warnings": {
      "version": "file:lib/@community-radar-recaptime/content-warnings"
    }
  }
}
